
Microsoft Visual Studio Solution File, Format Version 12.00
# Visual Studio 2015
Project("{FAE04EC0-301F-11D3-BF4B-00C04F79EFBC}") = "hello-unity.CSharp", "hello-unity.CSharp.csproj", "{541B93A9-B2D1-2A1A-E4F4-B2C17B05BD39}"
EndProject
Global
	GlobalSection(SolutionConfigurationPlatforms) = preSolution
		Debug|Any CPU = Debug|Any CPU
		Release|Any CPU = Release|Any CPU
	EndGlobalSection
	GlobalSection(ProjectConfigurationPlatforms) = postSolution
		{541B93A9-B2D1-2A1A-E4F4-B2C17B05BD39}.Debug|Any CPU.ActiveCfg = Debug|Any CPU
		{541B93A9-B2D1-2A1A-E4F4-B2C17B05BD39}.Debug|Any CPU.Build.0 = Debug|Any CPU
		{541B93A9-B2D1-2A1A-E4F4-B2C17B05BD39}.Release|Any CPU.ActiveCfg = Release|Any CPU
		{541B93A9-B2D1-2A1A-E4F4-B2C17B05BD39}.Release|Any CPU.Build.0 = Release|Any CPU
	EndGlobalSection
	GlobalSection(SolutionProperties) = preSolution
		HideSolutionNode = FALSE
	EndGlobalSection
EndGlobal
